
Microsoft Visual Studio Solution File, Format Version 12.00
# Visual Studio Version 17
VisualStudioVersion = 17.6.33712.159
MinimumVisualStudioVersion = 10.0.40219.1
Project("{FAE04EC0-301F-11D3-BF4B-00C04F79EFBC}") = "LeetCodePractice", "LeetCodePractice\LeetCodePractice.csproj", "{13280BBC-9732-4AB7-A0D2-D160C5A78482}"
EndProject
Global
	GlobalSection(SolutionConfigurationPlatforms) = preSolution
		Debug|Any CPU = Debug|Any CPU
		Release|Any CPU = Release|Any CPU
	EndGlobalSection
	GlobalSection(ProjectConfigurationPlatforms) = postSolution
		{13280BBC-9732-4AB7-A0D2-D160C5A78482}.Debug|Any CPU.ActiveCfg = Debug|Any CPU
		{13280BBC-9732-4AB7-A0D2-D160C5A78482}.Debug|Any CPU.Build.0 = Debug|Any CPU
		{13280BBC-9732-4AB7-A0D2-D160C5A78482}.Release|Any CPU.ActiveCfg = Release|Any CPU
		{13280BBC-9732-4AB7-A0D2-D160C5A78482}.Release|Any CPU.Build.0 = Release|Any CPU
	EndGlobalSection
	GlobalSection(SolutionProperties) = preSolution
		HideSolutionNode = FALSE
	EndGlobalSection
	GlobalSection(ExtensibilityGlobals) = postSolution
		SolutionGuid = {FA751BE6-3F53-4A2B-8DAF-DA827A85C162}
	EndGlobalSection
EndGlobal
